
Microsoft Visual Studio Solution File, Format Version 12.00
Project("{FAE04EC0-301F-11D3-BF4B-00C04F79EFBC}") = "Calculator", "Calculator\Calculator.csproj", "{33050A08-9EC3-4B0B-A020-3557FBBEFA0E}"
EndProject
Global
	GlobalSection(SolutionConfigurationPlatforms) = preSolution
		Debug|Any CPU = Debug|Any CPU
		Release|Any CPU = Release|Any CPU
	EndGlobalSection
	GlobalSection(ProjectConfigurationPlatforms) = postSolution
		{33050A08-9EC3-4B0B-A020-3557FBBEFA0E}.Debug|Any CPU.ActiveCfg = Debug|Any CPU
		{33050A08-9EC3-4B0B-A020-3557FBBEFA0E}.Debug|Any CPU.Build.0 = Debug|Any CPU
		{33050A08-9EC3-4B0B-A020-3557FBBEFA0E}.Release|Any CPU.ActiveCfg = Release|Any CPU
		{33050A08-9EC3-4B0B-A020-3557FBBEFA0E}.Release|Any CPU.Build.0 = Release|Any CPU
	EndGlobalSection
EndGlobal
